
Microsoft Visual Studio Solution File, Format Version 12.00
# Visual Studio Version 17
VisualStudioVersion = 17.0.31919.166
MinimumVisualStudioVersion = 10.0.40219.1
Project("{FAE04EC0-301F-11D3-BF4B-00C04F79EFBC}") = "TestProject_TP_DDD_Dominio_Fechadenacimiento_ValueObjects", "TestProject_TP_DDD_Dominio_Fechadenacimiento_ValueObjects.csproj", "{F69A1434-87CA-4259-A338-98A1D8CD5B93}"
EndProject
Project("{FAE04EC0-301F-11D3-BF4B-00C04F79EFBC}") = "Dominio_DDD_Fechadenacimiento_ValueObjects", "..\Dominio_DDD_Fechadenacimiento_ValueObjects\Dominio_DDD_Fechadenacimiento_ValueObjects.csproj", "{C2AB09B6-5057-435F-A07F-2A44BDC57DBD}"
EndProject
Global
	GlobalSection(SolutionConfigurationPlatforms) = preSolution
		Debug|Any CPU = Debug|Any CPU
		Release|Any CPU = Release|Any CPU
	EndGlobalSection
	GlobalSection(ProjectConfigurationPlatforms) = postSolution
		{F69A1434-87CA-4259-A338-98A1D8CD5B93}.Debug|Any CPU.ActiveCfg = Debug|Any CPU
		{F69A1434-87CA-4259-A338-98A1D8CD5B93}.Debug|Any CPU.Build.0 = Debug|Any CPU
		{F69A1434-87CA-4259-A338-98A1D8CD5B93}.Release|Any CPU.ActiveCfg = Release|Any CPU
		{F69A1434-87CA-4259-A338-98A1D8CD5B93}.Release|Any CPU.Build.0 = Release|Any CPU
		{C2AB09B6-5057-435F-A07F-2A44BDC57DBD}.Debug|Any CPU.ActiveCfg = Debug|Any CPU
		{C2AB09B6-5057-435F-A07F-2A44BDC57DBD}.Debug|Any CPU.Build.0 = Debug|Any CPU
		{C2AB09B6-5057-435F-A07F-2A44BDC57DBD}.Release|Any CPU.ActiveCfg = Release|Any CPU
		{C2AB09B6-5057-435F-A07F-2A44BDC57DBD}.Release|Any CPU.Build.0 = Release|Any CPU
	EndGlobalSection
	GlobalSection(SolutionProperties) = preSolution
		HideSolutionNode = FALSE
	EndGlobalSection
	GlobalSection(ExtensibilityGlobals) = postSolution
		SolutionGuid = {B53FF829-F118-43BD-8118-738E17FBE0B6}
	EndGlobalSection
EndGlobal
